{
  "name": "next-saas-rbac",
  "lockfileVersion": 3,
  "requires": true,
  "packages": {
    "": {
      "name": "next-saas-rbac",
      "dependencies": {
        "@t3-oss/env-nextjs": "^0.10.1",
        "zod": "^3.0.0"
      },
      "devDependencies": {
        "@types/node": "^20.12.11",
        "turbo": "latest"
      },
      "engines": {
        "node": ">=18"
      }
    },
    "node_modules/@t3-oss/env-core": {
      "version": "0.10.1",
      "resolved": "https://registry.npmjs.org/@t3-oss/env-core/-/env-core-0.10.1.tgz",
      "integrity": "sha512-GcKZiCfWks5CTxhezn9k5zWX3sMDIYf6Kaxy2Gx9YEQftFcz8hDRN56hcbylyAO3t4jQnQ5ifLawINsNgCDpOg==",
      "license": "MIT",
      "peerDependencies": {
        "typescript": ">=5.0.0",
        "zod": "^3.0.0"
      },
      "peerDependenciesMeta": {
        "typescript": {
          "optional": true
        }
      }
    },
    "node_modules/@t3-oss/env-nextjs": {
      "version": "0.10.1",
      "resolved": "https://registry.npmjs.org/@t3-oss/env-nextjs/-/env-nextjs-0.10.1.tgz",
      "integrity": "sha512-iy2qqJLnFh1RjEWno2ZeyTu0ufomkXruUsOZludzDIroUabVvHsrSjtkHqwHp1/pgPUzN3yBRHMILW162X7x2Q==",
      "license": "MIT",
      "dependencies": {
        "@t3-oss/env-core": "0.10.1"
      },
      "peerDependencies": {
        "typescript": ">=5.0.0",
        "zod": "^3.0.0"
      },
      "peerDependenciesMeta": {
        "typescript": {
          "optional": true
        }
      }
    },
    "node_modules/@types/node": {
      "version": "20.12.12",
      "resolved": "https://registry.npmjs.org/@types/node/-/node-20.12.12.tgz",
      "integrity": "sha512-eWLDGF/FOSPtAvEqeRAQ4C8LSA7M1I7i0ky1I8U7kD1J5ITyW3AsRhQrKVoWf5pFKZ2kILsEGJhsI9r93PYnOw==",
      "dev": true,
      "license": "MIT",
      "dependencies": {
        "undici-types": "~5.26.4"
      }
    },
    "node_modules/turbo": {
      "version": "1.13.3",
      "resolved": "https://registry.npmjs.org/turbo/-/turbo-1.13.3.tgz",
      "integrity": "sha512-n17HJv4F4CpsYTvKzUJhLbyewbXjq1oLCi90i5tW1TiWDz16ML1eDG7wi5dHaKxzh5efIM56SITnuVbMq5dk4g==",
      "dev": true,
      "license": "MPL-2.0",
      "bin": {
        "turbo": "bin/turbo"
      },
      "optionalDependencies": {
        "turbo-darwin-64": "1.13.3",
        "turbo-darwin-arm64": "1.13.3",
        "turbo-linux-64": "1.13.3",
        "turbo-linux-arm64": "1.13.3",
        "turbo-windows-64": "1.13.3",
        "turbo-windows-arm64": "1.13.3"
      }
    },
    "node_modules/turbo-darwin-64": {
      "version": "1.13.3",
      "resolved": "https://registry.npmjs.org/turbo-darwin-64/-/turbo-darwin-64-1.13.3.tgz",
      "integrity": "sha512-glup8Qx1qEFB5jerAnXbS8WrL92OKyMmg5Hnd4PleLljAeYmx+cmmnsmLT7tpaVZIN58EAAwu8wHC6kIIqhbWA==",
      "cpu": [
        "x64"
      ],
      "dev": true,
      "license": "MPL-2.0",
      "optional": true,
      "os": [
        "darwin"
      ]
    },
    "node_modules/turbo-darwin-arm64": {
      "version": "1.13.3",
      "resolved": "https://registry.npmjs.org/turbo-darwin-arm64/-/turbo-darwin-arm64-1.13.3.tgz",
      "integrity": "sha512-/np2xD+f/+9qY8BVtuOQXRq5f9LehCFxamiQnwdqWm5iZmdjygC5T3uVSYuagVFsZKMvX3ycySwh8dylGTl6lg==",
      "cpu": [
        "arm64"
      ],
      "dev": true,
      "license": "MPL-2.0",
      "optional": true,
      "os": [
        "darwin"
      ]
    },
    "node_modules/turbo-linux-64": {
      "version": "1.13.3",
      "resolved": "https://registry.npmjs.org/turbo-linux-64/-/turbo-linux-64-1.13.3.tgz",
      "integrity": "sha512-G+HGrau54iAnbXLfl+N/PynqpDwi/uDzb6iM9hXEDG+yJnSJxaHMShhOkXYJPk9offm9prH33Khx2scXrYVW1g==",
      "cpu": [
        "x64"
      ],
      "dev": true,
      "license": "MPL-2.0",
      "optional": true,
      "os": [
        "linux"
      ]
    },
    "node_modules/turbo-linux-arm64": {
      "version": "1.13.3",
      "resolved": "https://registry.npmjs.org/turbo-linux-arm64/-/turbo-linux-arm64-1.13.3.tgz",
      "integrity": "sha512-qWwEl5VR02NqRyl68/3pwp3c/olZuSp+vwlwrunuoNTm6JXGLG5pTeme4zoHNnk0qn4cCX7DFrOboArlYxv0wQ==",
      "cpu": [
        "arm64"
      ],
      "dev": true,
      "license": "MPL-2.0",
      "optional": true,
      "os": [
        "linux"
      ]
    },
    "node_modules/turbo-windows-64": {
      "version": "1.13.3",
      "resolved": "https://registry.npmjs.org/turbo-windows-64/-/turbo-windows-64-1.13.3.tgz",
      "integrity": "sha512-Nudr4bRChfJzBPzEmpVV85VwUYRCGKecwkBFpbp2a4NtrJ3+UP1VZES653ckqCu2FRyRuS0n03v9euMbAvzH+Q==",
      "cpu": [
        "x64"
      ],
      "dev": true,
      "license": "MPL-2.0",
      "optional": true,
      "os": [
        "win32"
      ]
    },
    "node_modules/turbo-windows-arm64": {
      "version": "1.13.3",
      "resolved": "https://registry.npmjs.org/turbo-windows-arm64/-/turbo-windows-arm64-1.13.3.tgz",
      "integrity": "sha512-ouJCgsVLd3icjRLmRvHQDDZnmGzT64GBupM1Y+TjtYn2LVaEBoV6hicFy8x5DUpnqdLy+YpCzRMkWlwhmkX7sQ==",
      "cpu": [
        "arm64"
      ],
      "dev": true,
      "license": "MPL-2.0",
      "optional": true,
      "os": [
        "win32"
      ]
    },
    "node_modules/undici-types": {
      "version": "5.26.5",
      "resolved": "https://registry.npmjs.org/undici-types/-/undici-types-5.26.5.tgz",
      "integrity": "sha512-JlCMO+ehdEIKqlFxk6IfVoAUVmgz7cU7zD/h9XZ0qzeosSHmUJVOzSQvvYSYWXkFXC+IfLKSIffhv0sVZup6pA==",
      "dev": true,
      "license": "MIT"
    },
    "node_modules/zod": {
      "version": "3.23.8",
      "resolved": "https://registry.npmjs.org/zod/-/zod-3.23.8.tgz",
      "integrity": "sha512-XBx9AXhXktjUqnepgTiE5flcKIYWi/rme0Eaj+5Y0lftuGBq+jyRu/md4WnuxqgP1ubdpNCsYEYPxrzVHD8d6g==",
      "license": "MIT",
      "funding": {
        "url": "https://github.com/sponsors/colinhacks"
      }
    }
  }
}
