{
  "name": "next-saas-rbac",
  "lockfileVersion": 3,
  "requires": true,
  "packages": {
    "": {
      "name": "next-saas-rbac",
      "dependencies": {
        "@t3-oss/env-nextjs": "^0.10.1",
        "zod": "^3.0.0"
      },
      "devDependencies": {
        "@types/node": "^20.12.11",
        "prettier": "^3.3.3",
        "prettier-plugin-tailwindcss": "^0.6.6",
        "turbo": "latest"
      },
      "engines": {
        "node": ">=18"
      }
    },
    "node_modules/@t3-oss/env-core": {
      "version": "0.10.1",
      "resolved": "https://registry.npmjs.org/@t3-oss/env-core/-/env-core-0.10.1.tgz",
      "integrity": "sha512-GcKZiCfWks5CTxhezn9k5zWX3sMDIYf6Kaxy2Gx9YEQftFcz8hDRN56hcbylyAO3t4jQnQ5ifLawINsNgCDpOg==",
      "license": "MIT",
      "peerDependencies": {
        "typescript": ">=5.0.0",
        "zod": "^3.0.0"
      },
      "peerDependenciesMeta": {
        "typescript": {
          "optional": true
        }
      }
    },
    "node_modules/@t3-oss/env-nextjs": {
      "version": "0.10.1",
      "resolved": "https://registry.npmjs.org/@t3-oss/env-nextjs/-/env-nextjs-0.10.1.tgz",
      "integrity": "sha512-iy2qqJLnFh1RjEWno2ZeyTu0ufomkXruUsOZludzDIroUabVvHsrSjtkHqwHp1/pgPUzN3yBRHMILW162X7x2Q==",
      "license": "MIT",
      "dependencies": {
        "@t3-oss/env-core": "0.10.1"
      },
      "peerDependencies": {
        "typescript": ">=5.0.0",
        "zod": "^3.0.0"
      },
      "peerDependenciesMeta": {
        "typescript": {
          "optional": true
        }
      }
    },
    "node_modules/@types/node": {
      "version": "20.14.15",
      "resolved": "https://registry.npmjs.org/@types/node/-/node-20.14.15.tgz",
      "integrity": "sha512-Fz1xDMCF/B00/tYSVMlmK7hVeLh7jE5f3B7X1/hmV0MJBwE27KlS7EvD/Yp+z1lm8mVhwV5w+n8jOZG8AfTlKw==",
      "dev": true,
      "license": "MIT",
      "dependencies": {
        "undici-types": "~5.26.4"
      }
    },
    "node_modules/prettier": {
      "version": "3.3.3",
      "resolved": "https://registry.npmjs.org/prettier/-/prettier-3.3.3.tgz",
      "integrity": "sha512-i2tDNA0O5IrMO757lfrdQZCc2jPNDVntV0m/+4whiDfWaTKfMNgR7Qz0NAeGz/nRqF4m5/6CLzbP4/liHt12Ew==",
      "dev": true,
      "license": "MIT",
      "bin": {
        "prettier": "bin/prettier.cjs"
      },
      "engines": {
        "node": ">=14"
      },
      "funding": {
        "url": "https://github.com/prettier/prettier?sponsor=1"
      }
    },
    "node_modules/prettier-plugin-tailwindcss": {
      "version": "0.6.6",
      "resolved": "https://registry.npmjs.org/prettier-plugin-tailwindcss/-/prettier-plugin-tailwindcss-0.6.6.tgz",
      "integrity": "sha512-OPva5S7WAsPLEsOuOWXATi13QrCKACCiIonFgIR6V4lYv4QLp++UXVhZSzRbZxXGimkQtQT86CC6fQqTOybGng==",
      "dev": true,
      "license": "MIT",
      "engines": {
        "node": ">=14.21.3"
      },
      "peerDependencies": {
        "@ianvs/prettier-plugin-sort-imports": "*",
        "@prettier/plugin-pug": "*",
        "@shopify/prettier-plugin-liquid": "*",
        "@trivago/prettier-plugin-sort-imports": "*",
        "@zackad/prettier-plugin-twig-melody": "*",
        "prettier": "^3.0",
        "prettier-plugin-astro": "*",
        "prettier-plugin-css-order": "*",
        "prettier-plugin-import-sort": "*",
        "prettier-plugin-jsdoc": "*",
        "prettier-plugin-marko": "*",
        "prettier-plugin-multiline-arrays": "*",
        "prettier-plugin-organize-attributes": "*",
        "prettier-plugin-organize-imports": "*",
        "prettier-plugin-sort-imports": "*",
        "prettier-plugin-style-order": "*",
        "prettier-plugin-svelte": "*"
      },
      "peerDependenciesMeta": {
        "@ianvs/prettier-plugin-sort-imports": {
          "optional": true
        },
        "@prettier/plugin-pug": {
          "optional": true
        },
        "@shopify/prettier-plugin-liquid": {
          "optional": true
        },
        "@trivago/prettier-plugin-sort-imports": {
          "optional": true
        },
        "@zackad/prettier-plugin-twig-melody": {
          "optional": true
        },
        "prettier-plugin-astro": {
          "optional": true
        },
        "prettier-plugin-css-order": {
          "optional": true
        },
        "prettier-plugin-import-sort": {
          "optional": true
        },
        "prettier-plugin-jsdoc": {
          "optional": true
        },
        "prettier-plugin-marko": {
          "optional": true
        },
        "prettier-plugin-multiline-arrays": {
          "optional": true
        },
        "prettier-plugin-organize-attributes": {
          "optional": true
        },
        "prettier-plugin-organize-imports": {
          "optional": true
        },
        "prettier-plugin-sort-imports": {
          "optional": true
        },
        "prettier-plugin-style-order": {
          "optional": true
        },
        "prettier-plugin-svelte": {
          "optional": true
        }
      }
    },
    "node_modules/turbo": {
      "version": "2.0.14",
      "resolved": "https://registry.npmjs.org/turbo/-/turbo-2.0.14.tgz",
      "integrity": "sha512-00JjdCMD/cpsjP0Izkjcm8Oaor5yUCfDwODtaLb+WyblyadkaDEisGhy3Dbd5az9n+5iLSPiUgf+WjPbns6MRg==",
      "dev": true,
      "license": "MIT",
      "bin": {
        "turbo": "bin/turbo"
      },
      "optionalDependencies": {
        "turbo-darwin-64": "2.0.14",
        "turbo-darwin-arm64": "2.0.14",
        "turbo-linux-64": "2.0.14",
        "turbo-linux-arm64": "2.0.14",
        "turbo-windows-64": "2.0.14",
        "turbo-windows-arm64": "2.0.14"
      }
    },
    "node_modules/turbo-darwin-64": {
      "version": "2.0.14",
      "resolved": "https://registry.npmjs.org/turbo-darwin-64/-/turbo-darwin-64-2.0.14.tgz",
      "integrity": "sha512-kwfDmjNwlNfvtrvT29+ZBg5n1Wvxl891bFHchMJyzMoR0HOE9N1NSNdSZb9wG3e7sYNIu4uDkNk+VBEqJW0HzQ==",
      "cpu": [
        "x64"
      ],
      "dev": true,
      "license": "MIT",
      "optional": true,
      "os": [
        "darwin"
      ]
    },
    "node_modules/turbo-darwin-arm64": {
      "version": "2.0.14",
      "resolved": "https://registry.npmjs.org/turbo-darwin-arm64/-/turbo-darwin-arm64-2.0.14.tgz",
      "integrity": "sha512-m3LXYEshCx3wc4ZClM6gb01KYpFmtjQ9IBF3A7ofjb6ahux3xlYZJZ3uFCLAGHuvGLuJ3htfiPbwlDPTdknqqw==",
      "cpu": [
        "arm64"
      ],
      "dev": true,
      "license": "MIT",
      "optional": true,
      "os": [
        "darwin"
      ]
    },
    "node_modules/turbo-linux-64": {
      "version": "2.0.14",
      "resolved": "https://registry.npmjs.org/turbo-linux-64/-/turbo-linux-64-2.0.14.tgz",
      "integrity": "sha512-7vBzCPdoTtR92SNn2JMgj1FlMmyonGmpMaQdgAB1OVYtuQ6NVGoh7/lODfaILqXjpvmFSVbpBIDrKOT6EvcprQ==",
      "cpu": [
        "x64"
      ],
      "dev": true,
      "license": "MIT",
      "optional": true,
      "os": [
        "linux"
      ]
    },
    "node_modules/turbo-linux-arm64": {
      "version": "2.0.14",
      "resolved": "https://registry.npmjs.org/turbo-linux-arm64/-/turbo-linux-arm64-2.0.14.tgz",
      "integrity": "sha512-jwH+c0bfjpBf26K/tdEFatmnYyXwGROjbr6bZmNcL8R+IkGAc/cglL+OToqJnQZTgZvH7uDGbeSyUo7IsHyjuA==",
      "cpu": [
        "arm64"
      ],
      "dev": true,
      "license": "MIT",
      "optional": true,
      "os": [
        "linux"
      ]
    },
    "node_modules/turbo-windows-64": {
      "version": "2.0.14",
      "resolved": "https://registry.npmjs.org/turbo-windows-64/-/turbo-windows-64-2.0.14.tgz",
      "integrity": "sha512-w9/XwkHSzvLjmioo6cl3S1yRfI6swxsV1j1eJwtl66JM4/pn0H2rBa855R0n7hZnmI6H5ywLt/nLt6Ae8RTDmw==",
      "cpu": [
        "x64"
      ],
      "dev": true,
      "license": "MIT",
      "optional": true,
      "os": [
        "win32"
      ]
    },
    "node_modules/turbo-windows-arm64": {
      "version": "2.0.14",
      "resolved": "https://registry.npmjs.org/turbo-windows-arm64/-/turbo-windows-arm64-2.0.14.tgz",
      "integrity": "sha512-XaQlyYk+Rf4xS5XWCo8XCMIpssgGGy8blzLfolN6YBp4baElIWMlkLZHDbGyiFmCbNf9I9gJI64XGRG+LVyyjA==",
      "cpu": [
        "arm64"
      ],
      "dev": true,
      "license": "MIT",
      "optional": true,
      "os": [
        "win32"
      ]
    },
    "node_modules/undici-types": {
      "version": "5.26.5",
      "resolved": "https://registry.npmjs.org/undici-types/-/undici-types-5.26.5.tgz",
      "integrity": "sha512-JlCMO+ehdEIKqlFxk6IfVoAUVmgz7cU7zD/h9XZ0qzeosSHmUJVOzSQvvYSYWXkFXC+IfLKSIffhv0sVZup6pA==",
      "dev": true,
      "license": "MIT"
    },
    "node_modules/zod": {
      "version": "3.23.8",
      "resolved": "https://registry.npmjs.org/zod/-/zod-3.23.8.tgz",
      "integrity": "sha512-XBx9AXhXktjUqnepgTiE5flcKIYWi/rme0Eaj+5Y0lftuGBq+jyRu/md4WnuxqgP1ubdpNCsYEYPxrzVHD8d6g==",
      "license": "MIT",
      "funding": {
        "url": "https://github.com/sponsors/colinhacks"
      }
    }
  }
}
