# THIS IS AN AUTOGENERATED FILE. DO NOT EDIT THIS FILE DIRECTLY.
# yarn lockfile v1


"@t3-oss/env-core@0.10.1":
  version "0.10.1"
  resolved "https://registry.yarnpkg.com/@t3-oss/env-core/-/env-core-0.10.1.tgz#388da647053063f7d9a7b6830537939daf697fa2"
  integrity sha512-GcKZiCfWks5CTxhezn9k5zWX3sMDIYf6Kaxy2Gx9YEQftFcz8hDRN56hcbylyAO3t4jQnQ5ifLawINsNgCDpOg==

"@t3-oss/env-nextjs@^0.10.1":
  version "0.10.1"
  resolved "https://registry.yarnpkg.com/@t3-oss/env-nextjs/-/env-nextjs-0.10.1.tgz#abe50e7063fcfdecb7da4371172480c99e9c6dc0"
  integrity sha512-iy2qqJLnFh1RjEWno2ZeyTu0ufomkXruUsOZludzDIroUabVvHsrSjtkHqwHp1/pgPUzN3yBRHMILW162X7x2Q==
  dependencies:
    "@t3-oss/env-core" "0.10.1"

"@types/node@^20.12.11":
  version "20.12.12"
  resolved "https://registry.yarnpkg.com/@types/node/-/node-20.12.12.tgz#7cbecdf902085cec634fdb362172dfe12b8f2050"
  integrity sha512-eWLDGF/FOSPtAvEqeRAQ4C8LSA7M1I7i0ky1I8U7kD1J5ITyW3AsRhQrKVoWf5pFKZ2kILsEGJhsI9r93PYnOw==
  dependencies:
    undici-types "~5.26.4"

turbo-darwin-64@1.13.3:
  version "1.13.3"
  resolved "https://registry.yarnpkg.com/turbo-darwin-64/-/turbo-darwin-64-1.13.3.tgz#01d750e0f9ce4fced510357f1a9f7fe6312756ba"
  integrity sha512-glup8Qx1qEFB5jerAnXbS8WrL92OKyMmg5Hnd4PleLljAeYmx+cmmnsmLT7tpaVZIN58EAAwu8wHC6kIIqhbWA==

turbo-darwin-arm64@1.13.3:
  version "1.13.3"
  resolved "https://registry.yarnpkg.com/turbo-darwin-arm64/-/turbo-darwin-arm64-1.13.3.tgz#a99950c8aff83d14070eeca987b0ee53dc881b2d"
  integrity sha512-/np2xD+f/+9qY8BVtuOQXRq5f9LehCFxamiQnwdqWm5iZmdjygC5T3uVSYuagVFsZKMvX3ycySwh8dylGTl6lg==

turbo-linux-64@1.13.3:
  version "1.13.3"
  resolved "https://registry.yarnpkg.com/turbo-linux-64/-/turbo-linux-64-1.13.3.tgz#a8ea12c3d79f5bbc78b2ef37f47019edb8928219"
  integrity sha512-G+HGrau54iAnbXLfl+N/PynqpDwi/uDzb6iM9hXEDG+yJnSJxaHMShhOkXYJPk9offm9prH33Khx2scXrYVW1g==

turbo-linux-arm64@1.13.3:
  version "1.13.3"
  resolved "https://registry.yarnpkg.com/turbo-linux-arm64/-/turbo-linux-arm64-1.13.3.tgz#e8691ebfab0e31e276020deee83b3866b4eb966f"
  integrity sha512-qWwEl5VR02NqRyl68/3pwp3c/olZuSp+vwlwrunuoNTm6JXGLG5pTeme4zoHNnk0qn4cCX7DFrOboArlYxv0wQ==

turbo-windows-64@1.13.3:
  version "1.13.3"
  resolved "https://registry.yarnpkg.com/turbo-windows-64/-/turbo-windows-64-1.13.3.tgz#6629174c8f654e75c342a0e1b826620cb6e2795b"
  integrity sha512-Nudr4bRChfJzBPzEmpVV85VwUYRCGKecwkBFpbp2a4NtrJ3+UP1VZES653ckqCu2FRyRuS0n03v9euMbAvzH+Q==

turbo-windows-arm64@1.13.3:
  version "1.13.3"
  resolved "https://registry.yarnpkg.com/turbo-windows-arm64/-/turbo-windows-arm64-1.13.3.tgz#327b8c87d8a01533deb3b7c3a108855aa7b6611d"
  integrity sha512-ouJCgsVLd3icjRLmRvHQDDZnmGzT64GBupM1Y+TjtYn2LVaEBoV6hicFy8x5DUpnqdLy+YpCzRMkWlwhmkX7sQ==

turbo@latest:
  version "1.13.3"
  resolved "https://registry.yarnpkg.com/turbo/-/turbo-1.13.3.tgz#afb7bee4fa9f5b6041dac5b4a7d35fb98f279827"
  integrity sha512-n17HJv4F4CpsYTvKzUJhLbyewbXjq1oLCi90i5tW1TiWDz16ML1eDG7wi5dHaKxzh5efIM56SITnuVbMq5dk4g==
  optionalDependencies:
    turbo-darwin-64 "1.13.3"
    turbo-darwin-arm64 "1.13.3"
    turbo-linux-64 "1.13.3"
    turbo-linux-arm64 "1.13.3"
    turbo-windows-64 "1.13.3"
    turbo-windows-arm64 "1.13.3"

undici-types@~5.26.4:
  version "5.26.5"
  resolved "https://registry.yarnpkg.com/undici-types/-/undici-types-5.26.5.tgz#bcd539893d00b56e964fd2657a4866b221a65617"
  integrity sha512-JlCMO+ehdEIKqlFxk6IfVoAUVmgz7cU7zD/h9XZ0qzeosSHmUJVOzSQvvYSYWXkFXC+IfLKSIffhv0sVZup6pA==

zod@^3.0.0:
  version "3.23.8"
  resolved "https://registry.yarnpkg.com/zod/-/zod-3.23.8.tgz#e37b957b5d52079769fb8097099b592f0ef4067d"
  integrity sha512-XBx9AXhXktjUqnepgTiE5flcKIYWi/rme0Eaj+5Y0lftuGBq+jyRu/md4WnuxqgP1ubdpNCsYEYPxrzVHD8d6g==
